// !$*UTF8*$!
{
    archiveVersion = 1;
    classes = {};
    objectVersion = 56;
    objects = {

/* Begin PBXBuildFile section */
        E7E2D6EE895CAECC00E1A845 /* ContentView.swift in Sources */ = {isa = PBXBuildFile; fileRef = E7E2D6EE895CAECC00E1A845; };
        E7E2D6EF895CAECC00E1A845 /* ChirpAppApp.swift in Sources */ = {isa = PBXBuildFile; fileRef = E7E2D6EF895CAECC00E1A845; };
/* End PBXBuildFile section */

/* Begin PBXFileReference section */
        E7E2D6EE895CAECC00E1A845 /* ContentView.swift */ = {isa = PBXFileReference; lastKnownFileType = sourcecode.swift; path = ContentView.swift; sourceTree = "<group>"; };
        E7E2D6EF895CAECC00E1A845 /* ChirpAppApp.swift */ = {isa = PBXFileReference; lastKnownFileType = sourcecode.swift; path = ChirpAppApp.swift; sourceTree = "<group>"; };
        E7E2D6EA895CAECC00E1A845 /* ChirpApp.app */ = {isa = PBXFileReference; explicitFileType = wrapper.application; path = ChirpApp.app; sourceTree = BUILT_PRODUCTS_DIR; };
        E7E2D6F0895CAECC00E1A845 /* Info.plist */ = {isa = PBXFileReference; lastKnownFileType = text.plist.xml; path = Info.plist; sourceTree = "<group>"; };
/* End PBXFileReference section */

/* Begin PBXFrameworksBuildPhase section */
        E7E2D6E9895CAECC00E1A845 /* Frameworks */ = {
            isa = PBXFrameworksBuildPhase;
            buildActionMask = 2147483647;
            files = (
            );
            runOnlyForDeploymentPostprocessing = 0;
        };
/* End PBXFrameworksBuildPhase section */

/* Begin PBXGroup section */
        E7E2D6EC895CAECC00E1A845 = {
            isa = PBXGroup;
            children = (
                E7E2D6EB895CAECC00E1A845 /* ChirpApp */,
                E7E2D6ED895CAECC00E1A845 /* Products */,
            );
            sourceTree = "<group>";
        };
        E7E2D6EB895CAECC00E1A845 /* ChirpApp */ = {
            isa = PBXGroup;
            children = (
                E7E2D6EE895CAECC00E1A845 /* ContentView.swift */,
                E7E2D6EF895CAECC00E1A845 /* ChirpAppApp.swift */,
                E7E2D6F0895CAECC00E1A845 /* Info.plist */,
            );
            path = "";
            sourceTree = "<group>";
        };
        E7E2D6ED895CAECC00E1A845 /* Products */ = {
            isa = PBXGroup;
            children = (
                E7E2D6EA895CAECC00E1A845 /* ChirpApp.app */,
            );
            path = "";
            sourceTree = "<group>";
        };
/* End PBXGroup section */

/* Begin PBXNativeTarget section */
        E7E2D6E3895CAECC00E1A845 /* ChirpApp */ = {
            isa = PBXNativeTarget;
            buildConfigurationList = E7E2D6E4895CAECC00E1A845;
            buildPhases = (
                E7E2D6E7895CAECC00E1A845 /* Sources */,
                E7E2D6E8895CAECC00E1A845 /* Resources */,
                E7E2D6E9895CAECC00E1A845 /* Frameworks */,
            );
            buildRules = (
            );
            dependencies = (
            );
            name = ChirpApp;
            productName = ChirpApp;
            productReference = E7E2D6EA895CAECC00E1A845 /* ChirpApp.app */;
            productType = "com.apple.product-type.application";
        };
/* End PBXNativeTarget section */

/* Begin PBXProject section */
        E7E2D6DF895CAECC00E1A845 /* Project object */ = {
            isa = PBXProject;
            attributes = {
                LastSwiftUpdateCheck = 9999;
                LastUpgradeCheck = 1600;
            };
            buildConfigurationList = E7E2D6E0895CAECC00E1A845;
            compatibilityVersion = "Xcode 16.0";
            developmentRegion = en;
            hasScannedForEncodings = 0;
            mainGroup = E7E2D6EC895CAECC00E1A845;
            productRefGroup = E7E2D6ED895CAECC00E1A845 /* Products */;
            projectDirPath = "";
            projectRoot = "";
            targets = (
                E7E2D6E3895CAECC00E1A845 /* ChirpApp */,
            );
        };
/* End PBXProject section */

/* Begin PBXResourcesBuildPhase section */
        E7E2D6E8895CAECC00E1A845 /* Resources */ = {
            isa = PBXResourcesBuildPhase;
            buildActionMask = 2147483647;
            files = (
            );
            runOnlyForDeploymentPostprocessing = 0;
        };
/* End PBXResourcesBuildPhase section */

/* Begin PBXSourcesBuildPhase section */
        E7E2D6E7895CAECC00E1A845 /* Sources */ = {
            isa = PBXSourcesBuildPhase;
            buildActionMask = 2147483647;
            files = (
                E7E2D6EE895CAECC00E1A845 /* ContentView.swift in Sources */,
                E7E2D6EF895CAECC00E1A845 /* ChirpAppApp.swift in Sources */,
            );
            runOnlyForDeploymentPostprocessing = 0;
        };
/* End PBXSourcesBuildPhase section */

/* Begin XCBuildConfiguration section */
        E7E2D6E1895CAECC00E1A845 /* Debug */ = {
            isa = XCBuildConfiguration;
            buildSettings = {
                PRODUCT_NAME = "$(TARGET_NAME)";
                SWIFT_VERSION = 5.9;
                TARGETED_DEVICE_FAMILY = "1";
            };
            name = Debug;
        };
        E7E2D6E2895CAECC00E1A845 /* Release */ = {
            isa = XCBuildConfiguration;
            buildSettings = {
                PRODUCT_NAME = "$(TARGET_NAME)";
                SWIFT_VERSION = 5.9;
                TARGETED_DEVICE_FAMILY = "1";
            };
            name = Release;
        };
        E7E2D6E5895CAECC00E1A845 /* Debug */ = {
            isa = XCBuildConfiguration;
            buildSettings = {
                INFOPLIST_FILE = Info.plist;
                PRODUCT_BUNDLE_IDENTIFIER = com.example.ChirpApp;
                PRODUCT_NAME = "$(TARGET_NAME)";
                SWIFT_VERSION = 5.9;
                IPHONEOS_DEPLOYMENT_TARGET = 17.0;
                TARGETED_DEVICE_FAMILY = "1";
            };
            name = Debug;
        };
        E7E2D6E6895CAECC00E1A845 /* Release */ = {
            isa = XCBuildConfiguration;
            buildSettings = {
                INFOPLIST_FILE = Info.plist;
                PRODUCT_BUNDLE_IDENTIFIER = com.example.ChirpApp;
                PRODUCT_NAME = "$(TARGET_NAME)";
                SWIFT_VERSION = 5.9;
                IPHONEOS_DEPLOYMENT_TARGET = 17.0;
                TARGETED_DEVICE_FAMILY = "1";
            };
            name = Release;
        };
/* End XCBuildConfiguration section */

/* Begin XCConfigurationList section */
        E7E2D6E0895CAECC00E1A845 /* Build configuration list for PBXProject "ChirpApp" */ = {
            isa = XCConfigurationList;
            buildConfigurations = (
                E7E2D6E1895CAECC00E1A845 /* Debug */,
                E7E2D6E2895CAECC00E1A845 /* Release */,
            );
            defaultConfigurationIsVisible = 0;
            defaultConfigurationName = Release;
        };
        E7E2D6E4895CAECC00E1A845 /* Build configuration list for PBXNativeTarget "ChirpApp" */ = {
            isa = XCConfigurationList;
            buildConfigurations = (
                E7E2D6E5895CAECC00E1A845 /* Debug */,
                E7E2D6E6895CAECC00E1A845 /* Release */,
            );
            defaultConfigurationIsVisible = 0;
            defaultConfigurationName = Release;
        };
/* End XCConfigurationList section */

    };
    rootObject = E7E2D6DF895CAECC00E1A845 /* Project object */;
}
